
Microsoft Visual Studio Solution File, Format Version 12.00
# Visual Studio Version 17
VisualStudioVersion = 17.10.34928.147
MinimumVisualStudioVersion = 10.0.40219.1
Project("{FAE04EC0-301F-11D3-BF4B-00C04F79EFBC}") = "ExercicioMatriz", "ExercicioMatriz\ExercicioMatriz.csproj", "{DA464A97-DA7B-470D-96F1-A29DF173F736}"
EndProject
Global
	GlobalSection(SolutionConfigurationPlatforms) = preSolution
		Debug|Any CPU = Debug|Any CPU
		Release|Any CPU = Release|Any CPU
	EndGlobalSection
	GlobalSection(ProjectConfigurationPlatforms) = postSolution
		{DA464A97-DA7B-470D-96F1-A29DF173F736}.Debug|Any CPU.ActiveCfg = Debug|Any CPU
		{DA464A97-DA7B-470D-96F1-A29DF173F736}.Debug|Any CPU.Build.0 = Debug|Any CPU
		{DA464A97-DA7B-470D-96F1-A29DF173F736}.Release|Any CPU.ActiveCfg = Release|Any CPU
		{DA464A97-DA7B-470D-96F1-A29DF173F736}.Release|Any CPU.Build.0 = Release|Any CPU
	EndGlobalSection
	GlobalSection(SolutionProperties) = preSolution
		HideSolutionNode = FALSE
	EndGlobalSection
	GlobalSection(ExtensibilityGlobals) = postSolution
		SolutionGuid = {B6240AED-F4C3-4389-995C-C24FBAD11077}
	EndGlobalSection
EndGlobal
